// !$*UTF8*$!
{
	archiveVersion = 1;
	classes = {
	};
	objectVersion = 50;
	objects = {

/* Begin PBXBuildFile section */
		8A27B44F24E6EB4600A08A7B /* AppDelegate.swift in Sources */ = {isa = PBXBuildFile; fileRef = 8A27B44E24E6EB4600A08A7B /* AppDelegate.swift */; };
		8A27B45124E6EB4600A08A7B /* SceneDelegate.swift in Sources */ = {isa = PBXBuildFile; fileRef = 8A27B45024E6EB4600A08A7B /* SceneDelegate.swift */; };
		8A27B45324E6EB4600A08A7B /* LandmarkDetail.swift in Sources */ = {isa = PBXBuildFile; fileRef = 8A27B45224E6EB4600A08A7B /* LandmarkDetail.swift */; };
		8A27B45524E6EB4900A08A7B /* Assets.xcassets in Resources */ = {isa = PBXBuildFile; fileRef = 8A27B45424E6EB4900A08A7B /* Assets.xcassets */; };
		8A27B45824E6EB4900A08A7B /* Preview Assets.xcassets in Resources */ = {isa = PBXBuildFile; fileRef = 8A27B45724E6EB4900A08A7B /* Preview Assets.xcassets */; };
		8A27B45B24E6EB4900A08A7B /* LaunchScreen.storyboard in Resources */ = {isa = PBXBuildFile; fileRef = 8A27B45924E6EB4900A08A7B /* LaunchScreen.storyboard */; };
		8A27B46324E6FD3200A08A7B /* CircleImage.swift in Sources */ = {isa = PBXBuildFile; fileRef = 8A27B46224E6FD3200A08A7B /* CircleImage.swift */; };
		8A27B46524E70C0200A08A7B /* MapView.swift in Sources */ = {isa = PBXBuildFile; fileRef = 8A27B46424E70C0200A08A7B /* MapView.swift */; };
		8AB6C55D24ED85D00034868D /* Landmark.swift in Sources */ = {isa = PBXBuildFile; fileRef = 8AB6C55C24ED85D00034868D /* Landmark.swift */; };
		8AB6C55F24ED875A0034868D /* Data.swift in Sources */ = {isa = PBXBuildFile; fileRef = 8AB6C55E24ED875A0034868D /* Data.swift */; };
		8AB6C56324ED8AC70034868D /* landmarkData.json in Resources */ = {isa = PBXBuildFile; fileRef = 8AB6C56224ED8AC70034868D /* landmarkData.json */; };
		8AB6C56724ED8E040034868D /* LandmarkRow.swift in Sources */ = {isa = PBXBuildFile; fileRef = 8AB6C56624ED8E040034868D /* LandmarkRow.swift */; };
		8AB6C56924ED9C2B0034868D /* LandmarkList.swift in Sources */ = {isa = PBXBuildFile; fileRef = 8AB6C56824ED9C2B0034868D /* LandmarkList.swift */; };
		8AB6C56C24EDA7290034868D /* turtlerock.jpg in Resources */ = {isa = PBXBuildFile; fileRef = 8AB6C56B24EDA7290034868D /* turtlerock.jpg */; };
		8AB6C57824EDB0C30034868D /* twinlake.jpg in Resources */ = {isa = PBXBuildFile; fileRef = 8AB6C56D24EDB0C10034868D /* twinlake.jpg */; };
		8AB6C57924EDB0C30034868D /* umbagog.jpg in Resources */ = {isa = PBXBuildFile; fileRef = 8AB6C56E24EDB0C10034868D /* umbagog.jpg */; };
		8AB6C57A24EDB0C30034868D /* chincoteague.jpg in Resources */ = {isa = PBXBuildFile; fileRef = 8AB6C56F24EDB0C10034868D /* chincoteague.jpg */; };
		8AB6C57B24EDB0C30034868D /* icybay.jpg in Resources */ = {isa = PBXBuildFile; fileRef = 8AB6C57024EDB0C10034868D /* icybay.jpg */; };
		8AB6C57C24EDB0C30034868D /* hiddenlake.jpg in Resources */ = {isa = PBXBuildFile; fileRef = 8AB6C57124EDB0C20034868D /* hiddenlake.jpg */; };
		8AB6C57D24EDB0C30034868D /* stmarylake.jpg in Resources */ = {isa = PBXBuildFile; fileRef = 8AB6C57224EDB0C20034868D /* stmarylake.jpg */; };
		8AB6C57E24EDB0C30034868D /* silversalmoncreek.jpg in Resources */ = {isa = PBXBuildFile; fileRef = 8AB6C57324EDB0C30034868D /* silversalmoncreek.jpg */; };
		8AB6C57F24EDB0C30034868D /* yukon_charleyrivers.jpg in Resources */ = {isa = PBXBuildFile; fileRef = 8AB6C57424EDB0C30034868D /* yukon_charleyrivers.jpg */; };
		8AB6C58024EDB0C30034868D /* lakemcdonald.jpg in Resources */ = {isa = PBXBuildFile; fileRef = 8AB6C57524EDB0C30034868D /* lakemcdonald.jpg */; };
		8AB6C58124EDB0C30034868D /* rainbowlake.jpg in Resources */ = {isa = PBXBuildFile; fileRef = 8AB6C57624EDB0C30034868D /* rainbowlake.jpg */; };
		8AB6C58224EDB0C30034868D /* chilkoottrail.jpg in Resources */ = {isa = PBXBuildFile; fileRef = 8AB6C57724EDB0C30034868D /* chilkoottrail.jpg */; };
		8AB6C58424EF311C0034868D /* 60.jpg in Resources */ = {isa = PBXBuildFile; fileRef = 8AB6C58324EF311C0034868D /* 60.jpg */; };
		8AB6C58824F0178A0034868D /* Parlament.jpg in Resources */ = {isa = PBXBuildFile; fileRef = 8AB6C58724F0178A0034868D /* Parlament.jpg */; };
		8AB6C58A24F01C600034868D /* NotreDame.jpg in Resources */ = {isa = PBXBuildFile; fileRef = 8AB6C58924F01C600034868D /* NotreDame.jpg */; };
		8AB6C58C24F0287B0034868D /* BigBen.jpg in Resources */ = {isa = PBXBuildFile; fileRef = 8AB6C58B24F0287B0034868D /* BigBen.jpg */; };
		8AB6C58E24F02C900034868D /* Niagara.jpg in Resources */ = {isa = PBXBuildFile; fileRef = 8AB6C58D24F02C900034868D /* Niagara.jpg */; };
		8AB6C59024F038590034868D /* Greece.jpg in Resources */ = {isa = PBXBuildFile; fileRef = 8AB6C58F24F038590034868D /* Greece.jpg */; };
		8AB6C59424F03BEA0034868D /* Roma.jpg in Resources */ = {isa = PBXBuildFile; fileRef = 8AB6C59324F03BEA0034868D /* Roma.jpg */; };
/* End PBXBuildFile section */

/* Begin PBXFileReference section */
		8A27B44B24E6EB4600A08A7B /* FavoritePlaces.app */ = {isa = PBXFileReference; explicitFileType = wrapper.application; includeInIndex = 0; path = FavoritePlaces.app; sourceTree = BUILT_PRODUCTS_DIR; };
		8A27B44E24E6EB4600A08A7B /* AppDelegate.swift */ = {isa = PBXFileReference; lastKnownFileType = sourcecode.swift; path = AppDelegate.swift; sourceTree = "<group>"; };
		8A27B45024E6EB4600A08A7B /* SceneDelegate.swift */ = {isa = PBXFileReference; lastKnownFileType = sourcecode.swift; path = SceneDelegate.swift; sourceTree = "<group>"; };
		8A27B45224E6EB4600A08A7B /* LandmarkDetail.swift */ = {isa = PBXFileReference; lastKnownFileType = sourcecode.swift; path = LandmarkDetail.swift; sourceTree = "<group>"; };
		8A27B45424E6EB4900A08A7B /* Assets.xcassets */ = {isa = PBXFileReference; lastKnownFileType = folder.assetcatalog; path = Assets.xcassets; sourceTree = "<group>"; };
		8A27B45724E6EB4900A08A7B /* Preview Assets.xcassets */ = {isa = PBXFileReference; lastKnownFileType = folder.assetcatalog; path = "Preview Assets.xcassets"; sourceTree = "<group>"; };
		8A27B45A24E6EB4900A08A7B /* Base */ = {isa = PBXFileReference; lastKnownFileType = file.storyboard; name = Base; path = Base.lproj/LaunchScreen.storyboard; sourceTree = "<group>"; };
		8A27B45C24E6EB4900A08A7B /* Info.plist */ = {isa = PBXFileReference; lastKnownFileType = text.plist.xml; path = Info.plist; sourceTree = "<group>"; };
		8A27B46224E6FD3200A08A7B /* CircleImage.swift */ = {isa = PBXFileReference; lastKnownFileType = sourcecode.swift; path = CircleImage.swift; sourceTree = "<group>"; };
		8A27B46424E70C0200A08A7B /* MapView.swift */ = {isa = PBXFileReference; lastKnownFileType = sourcecode.swift; path = MapView.swift; sourceTree = "<group>"; };
		8AB6C55C24ED85D00034868D /* Landmark.swift */ = {isa = PBXFileReference; lastKnownFileType = sourcecode.swift; path = Landmark.swift; sourceTree = "<group>"; };
		8AB6C55E24ED875A0034868D /* Data.swift */ = {isa = PBXFileReference; lastKnownFileType = sourcecode.swift; path = Data.swift; sourceTree = "<group>"; };
		8AB6C56224ED8AC70034868D /* landmarkData.json */ = {isa = PBXFileReference; fileEncoding = 4; lastKnownFileType = text.json; path = landmarkData.json; sourceTree = "<group>"; };
		8AB6C56624ED8E040034868D /* LandmarkRow.swift */ = {isa = PBXFileReference; lastKnownFileType = sourcecode.swift; path = LandmarkRow.swift; sourceTree = "<group>"; };
		8AB6C56824ED9C2B0034868D /* LandmarkList.swift */ = {isa = PBXFileReference; lastKnownFileType = sourcecode.swift; path = LandmarkList.swift; sourceTree = "<group>"; };
		8AB6C56B24EDA7290034868D /* turtlerock.jpg */ = {isa = PBXFileReference; lastKnownFileType = image.jpeg; path = turtlerock.jpg; sourceTree = "<group>"; };
		8AB6C56D24EDB0C10034868D /* twinlake.jpg */ = {isa = PBXFileReference; lastKnownFileType = image.jpeg; path = twinlake.jpg; sourceTree = "<group>"; };
		8AB6C56E24EDB0C10034868D /* umbagog.jpg */ = {isa = PBXFileReference; lastKnownFileType = image.jpeg; path = umbagog.jpg; sourceTree = "<group>"; };
		8AB6C56F24EDB0C10034868D /* chincoteague.jpg */ = {isa = PBXFileReference; lastKnownFileType = image.jpeg; path = chincoteague.jpg; sourceTree = "<group>"; };
		8AB6C57024EDB0C10034868D /* icybay.jpg */ = {isa = PBXFileReference; lastKnownFileType = image.jpeg; path = icybay.jpg; sourceTree = "<group>"; };
		8AB6C57124EDB0C20034868D /* hiddenlake.jpg */ = {isa = PBXFileReference; lastKnownFileType = image.jpeg; path = hiddenlake.jpg; sourceTree = "<group>"; };
		8AB6C57224EDB0C20034868D /* stmarylake.jpg */ = {isa = PBXFileReference; lastKnownFileType = image.jpeg; path = stmarylake.jpg; sourceTree = "<group>"; };
		8AB6C57324EDB0C30034868D /* silversalmoncreek.jpg */ = {isa = PBXFileReference; lastKnownFileType = image.jpeg; path = silversalmoncreek.jpg; sourceTree = "<group>"; };
		8AB6C57424EDB0C30034868D /* yukon_charleyrivers.jpg */ = {isa = PBXFileReference; lastKnownFileType = image.jpeg; path = yukon_charleyrivers.jpg; sourceTree = "<group>"; };
		8AB6C57524EDB0C30034868D /* lakemcdonald.jpg */ = {isa = PBXFileReference; lastKnownFileType = image.jpeg; path = lakemcdonald.jpg; sourceTree = "<group>"; };
		8AB6C57624EDB0C30034868D /* rainbowlake.jpg */ = {isa = PBXFileReference; lastKnownFileType = image.jpeg; path = rainbowlake.jpg; sourceTree = "<group>"; };
		8AB6C57724EDB0C30034868D /* chilkoottrail.jpg */ = {isa = PBXFileReference; lastKnownFileType = image.jpeg; path = chilkoottrail.jpg; sourceTree = "<group>"; };
		8AB6C58324EF311C0034868D /* 60.jpg */ = {isa = PBXFileReference; lastKnownFileType = image.jpeg; path = 60.jpg; sourceTree = "<group>"; };
		8AB6C58724F0178A0034868D /* Parlament.jpg */ = {isa = PBXFileReference; lastKnownFileType = image.jpeg; path = Parlament.jpg; sourceTree = "<group>"; };
		8AB6C58924F01C600034868D /* NotreDame.jpg */ = {isa = PBXFileReference; lastKnownFileType = image.jpeg; path = NotreDame.jpg; sourceTree = "<group>"; };
		8AB6C58B24F0287B0034868D /* BigBen.jpg */ = {isa = PBXFileReference; lastKnownFileType = image.jpeg; path = BigBen.jpg; sourceTree = "<group>"; };
		8AB6C58D24F02C900034868D /* Niagara.jpg */ = {isa = PBXFileReference; lastKnownFileType = image.jpeg; path = Niagara.jpg; sourceTree = "<group>"; };
		8AB6C58F24F038590034868D /* Greece.jpg */ = {isa = PBXFileReference; lastKnownFileType = image.jpeg; path = Greece.jpg; sourceTree = "<group>"; };
		8AB6C59324F03BEA0034868D /* Roma.jpg */ = {isa = PBXFileReference; lastKnownFileType = image.jpeg; path = Roma.jpg; sourceTree = "<group>"; };
/* End PBXFileReference section */

/* Begin PBXFrameworksBuildPhase section */
		8A27B44824E6EB4600A08A7B /* Frameworks */ = {
			isa = PBXFrameworksBuildPhase;
			buildActionMask = 2147483647;
			files = (
			);
			runOnlyForDeploymentPostprocessing = 0;
		};
/* End PBXFrameworksBuildPhase section */

/* Begin PBXGroup section */
		8A27B44224E6EB4600A08A7B = {
			isa = PBXGroup;
			children = (
				8A27B44D24E6EB4600A08A7B /* FavoritePlaces */,
				8A27B44C24E6EB4600A08A7B /* Products */,
			);
			sourceTree = "<group>";
		};
		8A27B44C24E6EB4600A08A7B /* Products */ = {
			isa = PBXGroup;
			children = (
				8A27B44B24E6EB4600A08A7B /* FavoritePlaces.app */,
			);
			name = Products;
			sourceTree = "<group>";
		};
		8A27B44D24E6EB4600A08A7B /* FavoritePlaces */ = {
			isa = PBXGroup;
			children = (
				8A27B44E24E6EB4600A08A7B /* AppDelegate.swift */,
				8A27B45024E6EB4600A08A7B /* SceneDelegate.swift */,
				8A27B45224E6EB4600A08A7B /* LandmarkDetail.swift */,
				8AB6C56624ED8E040034868D /* LandmarkRow.swift */,
				8AB6C56824ED9C2B0034868D /* LandmarkList.swift */,
				8A27B45424E6EB4900A08A7B /* Assets.xcassets */,
				8A27B46224E6FD3200A08A7B /* CircleImage.swift */,
				8A27B46424E70C0200A08A7B /* MapView.swift */,
				8AB6C55C24ED85D00034868D /* Landmark.swift */,
				8AB6C56A24EDA6680034868D /* Resources */,
				8AB6C55E24ED875A0034868D /* Data.swift */,
				8AB6C56224ED8AC70034868D /* landmarkData.json */,
				8A27B45924E6EB4900A08A7B /* LaunchScreen.storyboard */,
				8A27B45C24E6EB4900A08A7B /* Info.plist */,
				8A27B45624E6EB4900A08A7B /* Preview Content */,
			);
			path = FavoritePlaces;
			sourceTree = "<group>";
		};
		8A27B45624E6EB4900A08A7B /* Preview Content */ = {
			isa = PBXGroup;
			children = (
				8A27B45724E6EB4900A08A7B /* Preview Assets.xcassets */,
			);
			path = "Preview Content";
			sourceTree = "<group>";
		};
		8AB6C56A24EDA6680034868D /* Resources */ = {
			isa = PBXGroup;
			children = (
				8AB6C57724EDB0C30034868D /* chilkoottrail.jpg */,
				8AB6C58724F0178A0034868D /* Parlament.jpg */,
				8AB6C56F24EDB0C10034868D /* chincoteague.jpg */,
				8AB6C58324EF311C0034868D /* 60.jpg */,
				8AB6C58D24F02C900034868D /* Niagara.jpg */,
				8AB6C58F24F038590034868D /* Greece.jpg */,
				8AB6C57124EDB0C20034868D /* hiddenlake.jpg */,
				8AB6C57024EDB0C10034868D /* icybay.jpg */,
				8AB6C57524EDB0C30034868D /* lakemcdonald.jpg */,
				8AB6C58924F01C600034868D /* NotreDame.jpg */,
				8AB6C59324F03BEA0034868D /* Roma.jpg */,
				8AB6C57624EDB0C30034868D /* rainbowlake.jpg */,
				8AB6C58B24F0287B0034868D /* BigBen.jpg */,
				8AB6C57324EDB0C30034868D /* silversalmoncreek.jpg */,
				8AB6C57224EDB0C20034868D /* stmarylake.jpg */,
				8AB6C56D24EDB0C10034868D /* twinlake.jpg */,
				8AB6C56E24EDB0C10034868D /* umbagog.jpg */,
				8AB6C57424EDB0C30034868D /* yukon_charleyrivers.jpg */,
				8AB6C56B24EDA7290034868D /* turtlerock.jpg */,
			);
			path = Resources;
			sourceTree = "<group>";
		};
/* End PBXGroup section */

/* Begin PBXNativeTarget section */
		8A27B44A24E6EB4600A08A7B /* FavoritePlaces */ = {
			isa = PBXNativeTarget;
			buildConfigurationList = 8A27B45F24E6EB4900A08A7B /* Build configuration list for PBXNativeTarget "FavoritePlaces" */;
			buildPhases = (
				8A27B44724E6EB4600A08A7B /* Sources */,
				8A27B44824E6EB4600A08A7B /* Frameworks */,
				8A27B44924E6EB4600A08A7B /* Resources */,
			);
			buildRules = (
			);
			dependencies = (
			);
			name = FavoritePlaces;
			productName = CreatingCombiningViews;
			productReference = 8A27B44B24E6EB4600A08A7B /* FavoritePlaces.app */;
			productType = "com.apple.product-type.application";
		};
/* End PBXNativeTarget section */

/* Begin PBXProject section */
		8A27B44324E6EB4600A08A7B /* Project object */ = {
			isa = PBXProject;
			attributes = {
				LastSwiftUpdateCheck = 1160;
				LastUpgradeCheck = 1160;
				ORGANIZATIONNAME = "Iurie Guzun";
				TargetAttributes = {
					8A27B44A24E6EB4600A08A7B = {
						CreatedOnToolsVersion = 11.6;
					};
				};
			};
			buildConfigurationList = 8A27B44624E6EB4600A08A7B /* Build configuration list for PBXProject "FavoritePlaces" */;
			compatibilityVersion = "Xcode 9.3";
			developmentRegion = en;
			hasScannedForEncodings = 0;
			knownRegions = (
				en,
				Base,
			);
			mainGroup = 8A27B44224E6EB4600A08A7B;
			productRefGroup = 8A27B44C24E6EB4600A08A7B /* Products */;
			projectDirPath = "";
			projectRoot = "";
			targets = (
				8A27B44A24E6EB4600A08A7B /* FavoritePlaces */,
			);
		};
/* End PBXProject section */

/* Begin PBXResourcesBuildPhase section */
		8A27B44924E6EB4600A08A7B /* Resources */ = {
			isa = PBXResourcesBuildPhase;
			buildActionMask = 2147483647;
			files = (
				8AB6C58024EDB0C30034868D /* lakemcdonald.jpg in Resources */,
				8AB6C58124EDB0C30034868D /* rainbowlake.jpg in Resources */,
				8AB6C57824EDB0C30034868D /* twinlake.jpg in Resources */,
				8AB6C58E24F02C900034868D /* Niagara.jpg in Resources */,
				8AB6C59024F038590034868D /* Greece.jpg in Resources */,
				8A27B45B24E6EB4900A08A7B /* LaunchScreen.storyboard in Resources */,
				8AB6C57924EDB0C30034868D /* umbagog.jpg in Resources */,
				8AB6C56324ED8AC70034868D /* landmarkData.json in Resources */,
				8AB6C58824F0178A0034868D /* Parlament.jpg in Resources */,
				8A27B45824E6EB4900A08A7B /* Preview Assets.xcassets in Resources */,
				8A27B45524E6EB4900A08A7B /* Assets.xcassets in Resources */,
				8AB6C57A24EDB0C30034868D /* chincoteague.jpg in Resources */,
				8AB6C58424EF311C0034868D /* 60.jpg in Resources */,
				8AB6C58224EDB0C30034868D /* chilkoottrail.jpg in Resources */,
				8AB6C58C24F0287B0034868D /* BigBen.jpg in Resources */,
				8AB6C57B24EDB0C30034868D /* icybay.jpg in Resources */,
				8AB6C57C24EDB0C30034868D /* hiddenlake.jpg in Resources */,
				8AB6C57E24EDB0C30034868D /* silversalmoncreek.jpg in Resources */,
				8AB6C57D24EDB0C30034868D /* stmarylake.jpg in Resources */,
				8AB6C56C24EDA7290034868D /* turtlerock.jpg in Resources */,
				8AB6C59424F03BEA0034868D /* Roma.jpg in Resources */,
				8AB6C57F24EDB0C30034868D /* yukon_charleyrivers.jpg in Resources */,
				8AB6C58A24F01C600034868D /* NotreDame.jpg in Resources */,
			);
			runOnlyForDeploymentPostprocessing = 0;
		};
/* End PBXResourcesBuildPhase section */

/* Begin PBXSourcesBuildPhase section */
		8A27B44724E6EB4600A08A7B /* Sources */ = {
			isa = PBXSourcesBuildPhase;
			buildActionMask = 2147483647;
			files = (
				8AB6C55F24ED875A0034868D /* Data.swift in Sources */,
				8A27B44F24E6EB4600A08A7B /* AppDelegate.swift in Sources */,
				8A27B46524E70C0200A08A7B /* MapView.swift in Sources */,
				8A27B46324E6FD3200A08A7B /* CircleImage.swift in Sources */,
				8AB6C56924ED9C2B0034868D /* LandmarkList.swift in Sources */,
				8A27B45124E6EB4600A08A7B /* SceneDelegate.swift in Sources */,
				8A27B45324E6EB4600A08A7B /* LandmarkDetail.swift in Sources */,
				8AB6C56724ED8E040034868D /* LandmarkRow.swift in Sources */,
				8AB6C55D24ED85D00034868D /* Landmark.swift in Sources */,
			);
			runOnlyForDeploymentPostprocessing = 0;
		};
/* End PBXSourcesBuildPhase section */

/* Begin PBXVariantGroup section */
		8A27B45924E6EB4900A08A7B /* LaunchScreen.storyboard */ = {
			isa = PBXVariantGroup;
			children = (
				8A27B45A24E6EB4900A08A7B /* Base */,
			);
			name = LaunchScreen.storyboard;
			sourceTree = "<group>";
		};
/* End PBXVariantGroup section */

/* Begin XCBuildConfiguration section */
		8A27B45D24E6EB4900A08A7B /* Debug */ = {
			isa = XCBuildConfiguration;
			buildSettings = {
				ALWAYS_SEARCH_USER_PATHS = NO;
				CLANG_ANALYZER_NONNULL = YES;
				CLANG_ANALYZER_NUMBER_OBJECT_CONVERSION = YES_AGGRESSIVE;
				CLANG_CXX_LANGUAGE_STANDARD = "gnu++14";
				CLANG_CXX_LIBRARY = "libc++";
				CLANG_ENABLE_MODULES = YES;
				CLANG_ENABLE_OBJC_ARC = YES;
				CLANG_ENABLE_OBJC_WEAK = YES;
				CLANG_WARN_BLOCK_CAPTURE_AUTORELEASING = YES;
				CLANG_WARN_BOOL_CONVERSION = YES;
				CLANG_WARN_COMMA = YES;
				CLANG_WARN_CONSTANT_CONVERSION = YES;
				CLANG_WARN_DEPRECATED_OBJC_IMPLEMENTATIONS = YES;
				CLANG_WARN_DIRECT_OBJC_ISA_USAGE = YES_ERROR;
				CLANG_WARN_DOCUMENTATION_COMMENTS = YES;
				CLANG_WARN_EMPTY_BODY = YES;
				CLANG_WARN_ENUM_CONVERSION = YES;
				CLANG_WARN_INFINITE_RECURSION = YES;
				CLANG_WARN_INT_CONVERSION = YES;
				CLANG_WARN_NON_LITERAL_NULL_CONVERSION = YES;
				CLANG_WARN_OBJC_IMPLICIT_RETAIN_SELF = YES;
				CLANG_WARN_OBJC_LITERAL_CONVERSION = YES;
				CLANG_WARN_OBJC_ROOT_CLASS = YES_ERROR;
				CLANG_WARN_RANGE_LOOP_ANALYSIS = YES;
				CLANG_WARN_STRICT_PROTOTYPES = YES;
				CLANG_WARN_SUSPICIOUS_MOVE = YES;
				CLANG_WARN_UNGUARDED_AVAILABILITY = YES_AGGRESSIVE;
				CLANG_WARN_UNREACHABLE_CODE = YES;
				CLANG_WARN__DUPLICATE_METHOD_MATCH = YES;
				COPY_PHASE_STRIP = NO;
				DEBUG_INFORMATION_FORMAT = dwarf;
				ENABLE_STRICT_OBJC_MSGSEND = YES;
				ENABLE_TESTABILITY = YES;
				GCC_C_LANGUAGE_STANDARD = gnu11;
				GCC_DYNAMIC_NO_PIC = NO;
				GCC_NO_COMMON_BLOCKS = YES;
				GCC_OPTIMIZATION_LEVEL = 0;
				GCC_PREPROCESSOR_DEFINITIONS = (
					"DEBUG=1",
					"$(inherited)",
				);
				GCC_WARN_64_TO_32_BIT_CONVERSION = YES;
				GCC_WARN_ABOUT_RETURN_TYPE = YES_ERROR;
				GCC_WARN_UNDECLARED_SELECTOR = YES;
				GCC_WARN_UNINITIALIZED_AUTOS = YES_AGGRESSIVE;
				GCC_WARN_UNUSED_FUNCTION = YES;
				GCC_WARN_UNUSED_VARIABLE = YES;
				IPHONEOS_DEPLOYMENT_TARGET = 13.0;
				MTL_ENABLE_DEBUG_INFO = INCLUDE_SOURCE;
				MTL_FAST_MATH = YES;
				ONLY_ACTIVE_ARCH = YES;
				SDKROOT = iphoneos;
				SWIFT_ACTIVE_COMPILATION_CONDITIONS = DEBUG;
				SWIFT_OPTIMIZATION_LEVEL = "-Onone";
			};
			name = Debug;
		};
		8A27B45E24E6EB4900A08A7B /* Release */ = {
			isa = XCBuildConfiguration;
			buildSettings = {
				ALWAYS_SEARCH_USER_PATHS = NO;
				CLANG_ANALYZER_NONNULL = YES;
				CLANG_ANALYZER_NUMBER_OBJECT_CONVERSION = YES_AGGRESSIVE;
				CLANG_CXX_LANGUAGE_STANDARD = "gnu++14";
				CLANG_CXX_LIBRARY = "libc++";
				CLANG_ENABLE_MODULES = YES;
				CLANG_ENABLE_OBJC_ARC = YES;
				CLANG_ENABLE_OBJC_WEAK = YES;
				CLANG_WARN_BLOCK_CAPTURE_AUTORELEASING = YES;
				CLANG_WARN_BOOL_CONVERSION = YES;
				CLANG_WARN_COMMA = YES;
				CLANG_WARN_CONSTANT_CONVERSION = YES;
				CLANG_WARN_DEPRECATED_OBJC_IMPLEMENTATIONS = YES;
				CLANG_WARN_DIRECT_OBJC_ISA_USAGE = YES_ERROR;
				CLANG_WARN_DOCUMENTATION_COMMENTS = YES;
				CLANG_WARN_EMPTY_BODY = YES;
				CLANG_WARN_ENUM_CONVERSION = YES;
				CLANG_WARN_INFINITE_RECURSION = YES;
				CLANG_WARN_INT_CONVERSION = YES;
				CLANG_WARN_NON_LITERAL_NULL_CONVERSION = YES;
				CLANG_WARN_OBJC_IMPLICIT_RETAIN_SELF = YES;
				CLANG_WARN_OBJC_LITERAL_CONVERSION = YES;
				CLANG_WARN_OBJC_ROOT_CLASS = YES_ERROR;
				CLANG_WARN_RANGE_LOOP_ANALYSIS = YES;
				CLANG_WARN_STRICT_PROTOTYPES = YES;
				CLANG_WARN_SUSPICIOUS_MOVE = YES;
				CLANG_WARN_UNGUARDED_AVAILABILITY = YES_AGGRESSIVE;
				CLANG_WARN_UNREACHABLE_CODE = YES;
				CLANG_WARN__DUPLICATE_METHOD_MATCH = YES;
				COPY_PHASE_STRIP = NO;
				DEBUG_INFORMATION_FORMAT = "dwarf-with-dsym";
				ENABLE_NS_ASSERTIONS = NO;
				ENABLE_STRICT_OBJC_MSGSEND = YES;
				GCC_C_LANGUAGE_STANDARD = gnu11;
				GCC_NO_COMMON_BLOCKS = YES;
				GCC_WARN_64_TO_32_BIT_CONVERSION = YES;
				GCC_WARN_ABOUT_RETURN_TYPE = YES_ERROR;
				GCC_WARN_UNDECLARED_SELECTOR = YES;
				GCC_WARN_UNINITIALIZED_AUTOS = YES_AGGRESSIVE;
				GCC_WARN_UNUSED_FUNCTION = YES;
				GCC_WARN_UNUSED_VARIABLE = YES;
				IPHONEOS_DEPLOYMENT_TARGET = 13.0;
				MTL_ENABLE_DEBUG_INFO = NO;
				MTL_FAST_MATH = YES;
				SDKROOT = iphoneos;
				SWIFT_COMPILATION_MODE = wholemodule;
				SWIFT_OPTIMIZATION_LEVEL = "-O";
				VALIDATE_PRODUCT = YES;
			};
			name = Release;
		};
		8A27B46024E6EB4900A08A7B /* Debug */ = {
			isa = XCBuildConfiguration;
			buildSettings = {
				ASSETCATALOG_COMPILER_APPICON_NAME = AppIcon;
				CODE_SIGN_STYLE = Automatic;
				DEVELOPMENT_ASSET_PATHS = "\"FavoritePlaces/Preview Content\"";
				DEVELOPMENT_TEAM = JKMGXM83KA;
				ENABLE_PREVIEWS = YES;
				INFOPLIST_FILE = FavoritePlaces/Info.plist;
				LD_RUNPATH_SEARCH_PATHS = (
					"$(inherited)",
					"@executable_path/Frameworks",
				);
				PRODUCT_BUNDLE_IDENTIFIER = com.IurieGuzun.FavoritePlaces;
				PRODUCT_NAME = "$(TARGET_NAME)";
				SWIFT_VERSION = 5.0;
				TARGETED_DEVICE_FAMILY = "1,2";
			};
			name = Debug;
		};
		8A27B46124E6EB4900A08A7B /* Release */ = {
			isa = XCBuildConfiguration;
			buildSettings = {
				ASSETCATALOG_COMPILER_APPICON_NAME = AppIcon;
				CODE_SIGN_STYLE = Automatic;
				DEVELOPMENT_ASSET_PATHS = "\"FavoritePlaces/Preview Content\"";
				DEVELOPMENT_TEAM = JKMGXM83KA;
				ENABLE_PREVIEWS = YES;
				INFOPLIST_FILE = FavoritePlaces/Info.plist;
				LD_RUNPATH_SEARCH_PATHS = (
					"$(inherited)",
					"@executable_path/Frameworks",
				);
				PRODUCT_BUNDLE_IDENTIFIER = com.IurieGuzun.FavoritePlaces;
				PRODUCT_NAME = "$(TARGET_NAME)";
				SWIFT_VERSION = 5.0;
				TARGETED_DEVICE_FAMILY = "1,2";
			};
			name = Release;
		};
/* End XCBuildConfiguration section */

/* Begin XCConfigurationList section */
		8A27B44624E6EB4600A08A7B /* Build configuration list for PBXProject "FavoritePlaces" */ = {
			isa = XCConfigurationList;
			buildConfigurations = (
				8A27B45D24E6EB4900A08A7B /* Debug */,
				8A27B45E24E6EB4900A08A7B /* Release */,
			);
			defaultConfigurationIsVisible = 0;
			defaultConfigurationName = Release;
		};
		8A27B45F24E6EB4900A08A7B /* Build configuration list for PBXNativeTarget "FavoritePlaces" */ = {
			isa = XCConfigurationList;
			buildConfigurations = (
				8A27B46024E6EB4900A08A7B /* Debug */,
				8A27B46124E6EB4900A08A7B /* Release */,
			);
			defaultConfigurationIsVisible = 0;
			defaultConfigurationName = Release;
		};
/* End XCConfigurationList section */
	};
	rootObject = 8A27B44324E6EB4600A08A7B /* Project object */;
}
